
Microsoft Visual Studio Solution File, Format Version 12.00
# Visual Studio 15
VisualStudioVersion = 15.0.27703.2035
MinimumVisualStudioVersion = 10.0.40219.1
Project("{2150E333-8FDC-42A3-9474-1A3956D46DE8}") = "02 ICQL.Tools", "02 ICQL.Tools", "{79897889-C776-4EA7-81D7-C8600B843DA6}"
EndProject
Project("{2150E333-8FDC-42A3-9474-1A3956D46DE8}") = "00 Library", "00 Library", "{F82755DA-3E6F-4BC1-83CB-6FB5827CABF6}"
EndProject
Project("{2150E333-8FDC-42A3-9474-1A3956D46DE8}") = "03 XMJL.Tools", "03 XMJL.Tools", "{7E1EC453-4C93-4D05-85BC-80EC047E96FD}"
EndProject
Project("{FAE04EC0-301F-11D3-BF4B-00C04F79EFBC}") = "Service.BookmarksSync", "Service.BookmarksSync\Service.BookmarksSync.csproj", "{1448D7D8-BF25-4A71-9706-8D33895DBEBC}"
EndProject
Project("{FAE04EC0-301F-11D3-BF4B-00C04F79EFBC}") = "Service.Mgmt", "Service.Mgmt\Service.Mgmt.csproj", "{6AE9A15D-E2FF-401D-97EC-958C57F7C594}"
EndProject
Project("{FAE04EC0-301F-11D3-BF4B-00C04F79EFBC}") = "Service.NovelCrawler", "Service.NovelCrawler\Service.NovelCrawler.csproj", "{14BF0F76-FA31-44FE-9FE3-FDF6549EAD03}"
EndProject
Project("{FAE04EC0-301F-11D3-BF4B-00C04F79EFBC}") = "App.RenameFileWithDate", "App.RenameFileWithDate\App.RenameFileWithDate.csproj", "{AE6400B3-8A85-401B-A7E0-10B85A5717FD}"
EndProject
Project("{FAE04EC0-301F-11D3-BF4B-00C04F79EFBC}") = "MES.ERP.Sync", "MES.ERP.Sync\MES.ERP.Sync.csproj", "{192F3CB5-8C08-4F7B-BD2A-FD86DFCD684F}"
EndProject
Project("{FAE04EC0-301F-11D3-BF4B-00C04F79EFBC}") = "MES.ERP.Sync4Test", "MES.ERP.Sync4Test\MES.ERP.Sync4Test.csproj", "{19CA32C2-5E82-4162-BA53-788D4476B997}"
EndProject
Project("{FAE04EC0-301F-11D3-BF4B-00C04F79EFBC}") = "App.IEFixTool", "App.IEFixTool\App.IEFixTool.csproj", "{9AEFFF15-3FE3-49A5-805E-F5E1143CB595}"
EndProject
Project("{FAE04EC0-301F-11D3-BF4B-00C04F79EFBC}") = "App.DatabaseBackup", "App.DatabaseBackup\App.DatabaseBackup.csproj", "{03EE9E8F-5732-4771-9143-FC1A3658E2CD}"
EndProject
Project("{FAE04EC0-301F-11D3-BF4B-00C04F79EFBC}") = "App.SendKKSMS", "App.SendKKSMS\App.SendKKSMS.csproj", "{49845FE8-4F42-4AC3-AB36-4913D351D192}"
EndProject
Project("{FAE04EC0-301F-11D3-BF4B-00C04F79EFBC}") = "App.EKPWorkFlowData4FCExpense", "App.EKPWorkFlowData4FCExpense\App.EKPWorkFlowData4FCExpense.csproj", "{C134D6B2-4E95-410D-819E-9527B94D3694}"
EndProject
Project("{FAE04EC0-301F-11D3-BF4B-00C04F79EFBC}") = "App.Sync-icql.work", "App.Sync-icql.work\App.Sync-icql.work.csproj", "{6F6BEDCB-5C0C-46A1-BA22-C8D98DDC1D56}"
EndProject
Project("{FAE04EC0-301F-11D3-BF4B-00C04F79EFBC}") = "Icql.Library", "Icql.Library\Icql.Library.csproj", "{587580F0-F007-4EC2-9A5A-D792A81961F7}"
EndProject
Project("{FAE04EC0-301F-11D3-BF4B-00C04F79EFBC}") = "XMJL.SMS", "XMJL.SMS\XMJL.SMS.csproj", "{72209542-C601-4B3B-8878-0EFBE1C88613}"
EndProject
Project("{FAE04EC0-301F-11D3-BF4B-00C04F79EFBC}") = "XMJL.ActiveX", "XMJL.ActiveX\XMJL.ActiveX.csproj", "{D38E51BA-9337-412A-BACE-1747CA3FD3E0}"
EndProject
Project("{54435603-DBB4-11D2-8724-00A0C9A8B90C}") = "XMJL.ActiveX.Setup", "XMJL.ActiveX.Setup\XMJL.ActiveX.Setup.vdproj", "{AC338576-312B-436F-A557-F761D6B316A2}"
EndProject
Project("{FAE04EC0-301F-11D3-BF4B-00C04F79EFBC}") = "XMJL.NE.Test", "XMJL.NE.Test\XMJL.NE.Test.csproj", "{0BAC9C4B-484B-4BDF-89FE-B7BB42A7E5D9}"
EndProject
Project("{FAE04EC0-301F-11D3-BF4B-00C04F79EFBC}") = "Dapperx", "Dapperx\Dapperx.csproj", "{865A5A91-3862-4861-BBB9-7B32526174DE}"
EndProject
Global
	GlobalSection(SolutionConfigurationPlatforms) = preSolution
		Debug|Any CPU = Debug|Any CPU
		Release|Any CPU = Release|Any CPU
	EndGlobalSection
	GlobalSection(ProjectConfigurationPlatforms) = postSolution
		{1448D7D8-BF25-4A71-9706-8D33895DBEBC}.Debug|Any CPU.ActiveCfg = Debug|Any CPU
		{1448D7D8-BF25-4A71-9706-8D33895DBEBC}.Debug|Any CPU.Build.0 = Debug|Any CPU
		{1448D7D8-BF25-4A71-9706-8D33895DBEBC}.Release|Any CPU.ActiveCfg = Release|Any CPU
		{1448D7D8-BF25-4A71-9706-8D33895DBEBC}.Release|Any CPU.Build.0 = Release|Any CPU
		{6AE9A15D-E2FF-401D-97EC-958C57F7C594}.Debug|Any CPU.ActiveCfg = Debug|Any CPU
		{6AE9A15D-E2FF-401D-97EC-958C57F7C594}.Debug|Any CPU.Build.0 = Debug|Any CPU
		{6AE9A15D-E2FF-401D-97EC-958C57F7C594}.Release|Any CPU.ActiveCfg = Release|Any CPU
		{6AE9A15D-E2FF-401D-97EC-958C57F7C594}.Release|Any CPU.Build.0 = Release|Any CPU
		{14BF0F76-FA31-44FE-9FE3-FDF6549EAD03}.Debug|Any CPU.ActiveCfg = Debug|Any CPU
		{14BF0F76-FA31-44FE-9FE3-FDF6549EAD03}.Debug|Any CPU.Build.0 = Debug|Any CPU
		{14BF0F76-FA31-44FE-9FE3-FDF6549EAD03}.Release|Any CPU.ActiveCfg = Release|Any CPU
		{14BF0F76-FA31-44FE-9FE3-FDF6549EAD03}.Release|Any CPU.Build.0 = Release|Any CPU
		{AE6400B3-8A85-401B-A7E0-10B85A5717FD}.Debug|Any CPU.ActiveCfg = Debug|Any CPU
		{AE6400B3-8A85-401B-A7E0-10B85A5717FD}.Debug|Any CPU.Build.0 = Debug|Any CPU
		{AE6400B3-8A85-401B-A7E0-10B85A5717FD}.Release|Any CPU.ActiveCfg = Release|Any CPU
		{AE6400B3-8A85-401B-A7E0-10B85A5717FD}.Release|Any CPU.Build.0 = Release|Any CPU
		{192F3CB5-8C08-4F7B-BD2A-FD86DFCD684F}.Debug|Any CPU.ActiveCfg = Debug|Any CPU
		{192F3CB5-8C08-4F7B-BD2A-FD86DFCD684F}.Debug|Any CPU.Build.0 = Debug|Any CPU
		{192F3CB5-8C08-4F7B-BD2A-FD86DFCD684F}.Release|Any CPU.ActiveCfg = Release|Any CPU
		{192F3CB5-8C08-4F7B-BD2A-FD86DFCD684F}.Release|Any CPU.Build.0 = Release|Any CPU
		{19CA32C2-5E82-4162-BA53-788D4476B997}.Debug|Any CPU.ActiveCfg = Debug|Any CPU
		{19CA32C2-5E82-4162-BA53-788D4476B997}.Debug|Any CPU.Build.0 = Debug|Any CPU
		{19CA32C2-5E82-4162-BA53-788D4476B997}.Release|Any CPU.ActiveCfg = Release|Any CPU
		{19CA32C2-5E82-4162-BA53-788D4476B997}.Release|Any CPU.Build.0 = Release|Any CPU
		{9AEFFF15-3FE3-49A5-805E-F5E1143CB595}.Debug|Any CPU.ActiveCfg = Debug|Any CPU
		{9AEFFF15-3FE3-49A5-805E-F5E1143CB595}.Debug|Any CPU.Build.0 = Debug|Any CPU
		{9AEFFF15-3FE3-49A5-805E-F5E1143CB595}.Release|Any CPU.ActiveCfg = Release|Any CPU
		{9AEFFF15-3FE3-49A5-805E-F5E1143CB595}.Release|Any CPU.Build.0 = Release|Any CPU
		{03EE9E8F-5732-4771-9143-FC1A3658E2CD}.Debug|Any CPU.ActiveCfg = Debug|Any CPU
		{03EE9E8F-5732-4771-9143-FC1A3658E2CD}.Debug|Any CPU.Build.0 = Debug|Any CPU
		{03EE9E8F-5732-4771-9143-FC1A3658E2CD}.Release|Any CPU.ActiveCfg = Release|Any CPU
		{03EE9E8F-5732-4771-9143-FC1A3658E2CD}.Release|Any CPU.Build.0 = Release|Any CPU
		{49845FE8-4F42-4AC3-AB36-4913D351D192}.Debug|Any CPU.ActiveCfg = Debug|Any CPU
		{49845FE8-4F42-4AC3-AB36-4913D351D192}.Debug|Any CPU.Build.0 = Debug|Any CPU
		{49845FE8-4F42-4AC3-AB36-4913D351D192}.Release|Any CPU.ActiveCfg = Release|Any CPU
		{49845FE8-4F42-4AC3-AB36-4913D351D192}.Release|Any CPU.Build.0 = Release|Any CPU
		{C134D6B2-4E95-410D-819E-9527B94D3694}.Debug|Any CPU.ActiveCfg = Debug|Any CPU
		{C134D6B2-4E95-410D-819E-9527B94D3694}.Debug|Any CPU.Build.0 = Debug|Any CPU
		{C134D6B2-4E95-410D-819E-9527B94D3694}.Release|Any CPU.ActiveCfg = Release|Any CPU
		{C134D6B2-4E95-410D-819E-9527B94D3694}.Release|Any CPU.Build.0 = Release|Any CPU
		{6F6BEDCB-5C0C-46A1-BA22-C8D98DDC1D56}.Debug|Any CPU.ActiveCfg = Debug|Any CPU
		{6F6BEDCB-5C0C-46A1-BA22-C8D98DDC1D56}.Debug|Any CPU.Build.0 = Debug|Any CPU
		{6F6BEDCB-5C0C-46A1-BA22-C8D98DDC1D56}.Release|Any CPU.ActiveCfg = Release|Any CPU
		{6F6BEDCB-5C0C-46A1-BA22-C8D98DDC1D56}.Release|Any CPU.Build.0 = Release|Any CPU
		{587580F0-F007-4EC2-9A5A-D792A81961F7}.Debug|Any CPU.ActiveCfg = Debug|Any CPU
		{587580F0-F007-4EC2-9A5A-D792A81961F7}.Debug|Any CPU.Build.0 = Debug|Any CPU
		{587580F0-F007-4EC2-9A5A-D792A81961F7}.Release|Any CPU.ActiveCfg = Release|Any CPU
		{587580F0-F007-4EC2-9A5A-D792A81961F7}.Release|Any CPU.Build.0 = Release|Any CPU
		{72209542-C601-4B3B-8878-0EFBE1C88613}.Debug|Any CPU.ActiveCfg = Debug|Any CPU
		{72209542-C601-4B3B-8878-0EFBE1C88613}.Debug|Any CPU.Build.0 = Debug|Any CPU
		{72209542-C601-4B3B-8878-0EFBE1C88613}.Release|Any CPU.ActiveCfg = Release|Any CPU
		{72209542-C601-4B3B-8878-0EFBE1C88613}.Release|Any CPU.Build.0 = Release|Any CPU
		{D38E51BA-9337-412A-BACE-1747CA3FD3E0}.Debug|Any CPU.ActiveCfg = Debug|Any CPU
		{D38E51BA-9337-412A-BACE-1747CA3FD3E0}.Debug|Any CPU.Build.0 = Debug|Any CPU
		{D38E51BA-9337-412A-BACE-1747CA3FD3E0}.Release|Any CPU.ActiveCfg = Release|Any CPU
		{D38E51BA-9337-412A-BACE-1747CA3FD3E0}.Release|Any CPU.Build.0 = Release|Any CPU
		{AC338576-312B-436F-A557-F761D6B316A2}.Debug|Any CPU.ActiveCfg = Debug
		{AC338576-312B-436F-A557-F761D6B316A2}.Release|Any CPU.ActiveCfg = Release
		{0BAC9C4B-484B-4BDF-89FE-B7BB42A7E5D9}.Debug|Any CPU.ActiveCfg = Debug|Any CPU
		{0BAC9C4B-484B-4BDF-89FE-B7BB42A7E5D9}.Debug|Any CPU.Build.0 = Debug|Any CPU
		{0BAC9C4B-484B-4BDF-89FE-B7BB42A7E5D9}.Release|Any CPU.ActiveCfg = Release|Any CPU
		{0BAC9C4B-484B-4BDF-89FE-B7BB42A7E5D9}.Release|Any CPU.Build.0 = Release|Any CPU
		{865A5A91-3862-4861-BBB9-7B32526174DE}.Debug|Any CPU.ActiveCfg = Debug|Any CPU
		{865A5A91-3862-4861-BBB9-7B32526174DE}.Debug|Any CPU.Build.0 = Debug|Any CPU
		{865A5A91-3862-4861-BBB9-7B32526174DE}.Release|Any CPU.ActiveCfg = Release|Any CPU
		{865A5A91-3862-4861-BBB9-7B32526174DE}.Release|Any CPU.Build.0 = Release|Any CPU
	EndGlobalSection
	GlobalSection(SolutionProperties) = preSolution
		HideSolutionNode = FALSE
	EndGlobalSection
	GlobalSection(NestedProjects) = preSolution
		{1448D7D8-BF25-4A71-9706-8D33895DBEBC} = {79897889-C776-4EA7-81D7-C8600B843DA6}
		{6AE9A15D-E2FF-401D-97EC-958C57F7C594} = {79897889-C776-4EA7-81D7-C8600B843DA6}
		{14BF0F76-FA31-44FE-9FE3-FDF6549EAD03} = {79897889-C776-4EA7-81D7-C8600B843DA6}
		{AE6400B3-8A85-401B-A7E0-10B85A5717FD} = {79897889-C776-4EA7-81D7-C8600B843DA6}
		{192F3CB5-8C08-4F7B-BD2A-FD86DFCD684F} = {7E1EC453-4C93-4D05-85BC-80EC047E96FD}
		{19CA32C2-5E82-4162-BA53-788D4476B997} = {7E1EC453-4C93-4D05-85BC-80EC047E96FD}
		{9AEFFF15-3FE3-49A5-805E-F5E1143CB595} = {7E1EC453-4C93-4D05-85BC-80EC047E96FD}
		{03EE9E8F-5732-4771-9143-FC1A3658E2CD} = {7E1EC453-4C93-4D05-85BC-80EC047E96FD}
		{49845FE8-4F42-4AC3-AB36-4913D351D192} = {7E1EC453-4C93-4D05-85BC-80EC047E96FD}
		{C134D6B2-4E95-410D-819E-9527B94D3694} = {7E1EC453-4C93-4D05-85BC-80EC047E96FD}
		{6F6BEDCB-5C0C-46A1-BA22-C8D98DDC1D56} = {79897889-C776-4EA7-81D7-C8600B843DA6}
		{587580F0-F007-4EC2-9A5A-D792A81961F7} = {F82755DA-3E6F-4BC1-83CB-6FB5827CABF6}
		{72209542-C601-4B3B-8878-0EFBE1C88613} = {7E1EC453-4C93-4D05-85BC-80EC047E96FD}
		{D38E51BA-9337-412A-BACE-1747CA3FD3E0} = {7E1EC453-4C93-4D05-85BC-80EC047E96FD}
		{AC338576-312B-436F-A557-F761D6B316A2} = {7E1EC453-4C93-4D05-85BC-80EC047E96FD}
		{0BAC9C4B-484B-4BDF-89FE-B7BB42A7E5D9} = {7E1EC453-4C93-4D05-85BC-80EC047E96FD}
		{865A5A91-3862-4861-BBB9-7B32526174DE} = {F82755DA-3E6F-4BC1-83CB-6FB5827CABF6}
	EndGlobalSection
	GlobalSection(ExtensibilityGlobals) = postSolution
		SolutionGuid = {BBC4FBA5-DE6E-4E55-ACA9-0853B66FB510}
	EndGlobalSection
EndGlobal
